
Microsoft Visual Studio Solution File, Format Version 12.00
# Visual Studio Version 16
VisualStudioVersion = 16.0.29806.167
MinimumVisualStudioVersion = 10.0.40219.1
Project("{9A19103F-16F7-4668-BE54-9A1E7A4F7556}") = "OOP", "OOP\OOP.csproj", "{BDB4D9DA-EB82-4AC8-8924-D50B82376E78}"
EndProject
Project("{9A19103F-16F7-4668-BE54-9A1E7A4F7556}") = "lesson2", "lesson2\lesson2.csproj", "{6C168E5B-26C4-4FDF-BABA-3326B96B804C}"
EndProject
Project("{9A19103F-16F7-4668-BE54-9A1E7A4F7556}") = "lesson3.2", "lesson3.2\lesson3.2.csproj", "{DAB18E0D-DF70-4D1E-8F1C-ABBA4C816443}"
EndProject
Project("{9A19103F-16F7-4668-BE54-9A1E7A4F7556}") = "lessoon3.3", "lessoon3.3\lessoon3.3.csproj", "{7F96702A-99B3-4C3C-8699-FBE16FB07C9E}"
EndProject
Project("{9A19103F-16F7-4668-BE54-9A1E7A4F7556}") = "lesson4.1", "lesson4.1\lesson4.1.csproj", "{6B5BDB89-ED9E-46B1-9D1F-53EC82C9C02F}"
EndProject
Project("{9A19103F-16F7-4668-BE54-9A1E7A4F7556}") = "lesson5.1", "lesson5.1\lesson5.1.csproj", "{A77CAC30-9538-4C83-B550-00F3CB365D34}"
EndProject
Project("{9A19103F-16F7-4668-BE54-9A1E7A4F7556}") = "lesson5.2", "lesson5.2\lesson5.2.csproj", "{B06D9F5A-A2AC-4B15-A904-AB50E5471D78}"
EndProject
Project("{9A19103F-16F7-4668-BE54-9A1E7A4F7556}") = "lesson6.1", "lesson6.1\lesson6.1.csproj", "{B62A211E-BF43-4D07-AF5C-E61BF61DA73A}"
EndProject
Project("{FAE04EC0-301F-11D3-BF4B-00C04F79EFBC}") = "lesson6.2", "lesson6.2\lesson6.2.csproj", "{E089965A-C6F5-40BA-8B22-23D385A8F0D7}"
EndProject
Project("{FAE04EC0-301F-11D3-BF4B-00C04F79EFBC}") = "lesson6.1-test", "lesson6.1-test\lesson6.1-test.csproj", "{3D547D88-56D1-4DBA-8380-618D5E48A062}"
EndProject
Global
	GlobalSection(SolutionConfigurationPlatforms) = preSolution
		Debug|Any CPU = Debug|Any CPU
		Release|Any CPU = Release|Any CPU
	EndGlobalSection
	GlobalSection(ProjectConfigurationPlatforms) = postSolution
		{BDB4D9DA-EB82-4AC8-8924-D50B82376E78}.Debug|Any CPU.ActiveCfg = Debug|Any CPU
		{BDB4D9DA-EB82-4AC8-8924-D50B82376E78}.Debug|Any CPU.Build.0 = Debug|Any CPU
		{BDB4D9DA-EB82-4AC8-8924-D50B82376E78}.Release|Any CPU.ActiveCfg = Release|Any CPU
		{BDB4D9DA-EB82-4AC8-8924-D50B82376E78}.Release|Any CPU.Build.0 = Release|Any CPU
		{6C168E5B-26C4-4FDF-BABA-3326B96B804C}.Debug|Any CPU.ActiveCfg = Debug|Any CPU
		{6C168E5B-26C4-4FDF-BABA-3326B96B804C}.Debug|Any CPU.Build.0 = Debug|Any CPU
		{6C168E5B-26C4-4FDF-BABA-3326B96B804C}.Release|Any CPU.ActiveCfg = Release|Any CPU
		{6C168E5B-26C4-4FDF-BABA-3326B96B804C}.Release|Any CPU.Build.0 = Release|Any CPU
		{DAB18E0D-DF70-4D1E-8F1C-ABBA4C816443}.Debug|Any CPU.ActiveCfg = Debug|Any CPU
		{DAB18E0D-DF70-4D1E-8F1C-ABBA4C816443}.Debug|Any CPU.Build.0 = Debug|Any CPU
		{DAB18E0D-DF70-4D1E-8F1C-ABBA4C816443}.Release|Any CPU.ActiveCfg = Release|Any CPU
		{DAB18E0D-DF70-4D1E-8F1C-ABBA4C816443}.Release|Any CPU.Build.0 = Release|Any CPU
		{7F96702A-99B3-4C3C-8699-FBE16FB07C9E}.Debug|Any CPU.ActiveCfg = Debug|Any CPU
		{7F96702A-99B3-4C3C-8699-FBE16FB07C9E}.Debug|Any CPU.Build.0 = Debug|Any CPU
		{7F96702A-99B3-4C3C-8699-FBE16FB07C9E}.Release|Any CPU.ActiveCfg = Release|Any CPU
		{7F96702A-99B3-4C3C-8699-FBE16FB07C9E}.Release|Any CPU.Build.0 = Release|Any CPU
		{6B5BDB89-ED9E-46B1-9D1F-53EC82C9C02F}.Debug|Any CPU.ActiveCfg = Debug|Any CPU
		{6B5BDB89-ED9E-46B1-9D1F-53EC82C9C02F}.Debug|Any CPU.Build.0 = Debug|Any CPU
		{6B5BDB89-ED9E-46B1-9D1F-53EC82C9C02F}.Release|Any CPU.ActiveCfg = Release|Any CPU
		{6B5BDB89-ED9E-46B1-9D1F-53EC82C9C02F}.Release|Any CPU.Build.0 = Release|Any CPU
		{A77CAC30-9538-4C83-B550-00F3CB365D34}.Debug|Any CPU.ActiveCfg = Debug|Any CPU
		{A77CAC30-9538-4C83-B550-00F3CB365D34}.Debug|Any CPU.Build.0 = Debug|Any CPU
		{A77CAC30-9538-4C83-B550-00F3CB365D34}.Release|Any CPU.ActiveCfg = Release|Any CPU
		{A77CAC30-9538-4C83-B550-00F3CB365D34}.Release|Any CPU.Build.0 = Release|Any CPU
		{B06D9F5A-A2AC-4B15-A904-AB50E5471D78}.Debug|Any CPU.ActiveCfg = Debug|Any CPU
		{B06D9F5A-A2AC-4B15-A904-AB50E5471D78}.Debug|Any CPU.Build.0 = Debug|Any CPU
		{B06D9F5A-A2AC-4B15-A904-AB50E5471D78}.Release|Any CPU.ActiveCfg = Release|Any CPU
		{B06D9F5A-A2AC-4B15-A904-AB50E5471D78}.Release|Any CPU.Build.0 = Release|Any CPU
		{B62A211E-BF43-4D07-AF5C-E61BF61DA73A}.Debug|Any CPU.ActiveCfg = Debug|Any CPU
		{B62A211E-BF43-4D07-AF5C-E61BF61DA73A}.Debug|Any CPU.Build.0 = Debug|Any CPU
		{B62A211E-BF43-4D07-AF5C-E61BF61DA73A}.Release|Any CPU.ActiveCfg = Release|Any CPU
		{B62A211E-BF43-4D07-AF5C-E61BF61DA73A}.Release|Any CPU.Build.0 = Release|Any CPU
		{E089965A-C6F5-40BA-8B22-23D385A8F0D7}.Debug|Any CPU.ActiveCfg = Debug|Any CPU
		{E089965A-C6F5-40BA-8B22-23D385A8F0D7}.Debug|Any CPU.Build.0 = Debug|Any CPU
		{E089965A-C6F5-40BA-8B22-23D385A8F0D7}.Release|Any CPU.ActiveCfg = Release|Any CPU
		{E089965A-C6F5-40BA-8B22-23D385A8F0D7}.Release|Any CPU.Build.0 = Release|Any CPU
		{3D547D88-56D1-4DBA-8380-618D5E48A062}.Debug|Any CPU.ActiveCfg = Debug|Any CPU
		{3D547D88-56D1-4DBA-8380-618D5E48A062}.Debug|Any CPU.Build.0 = Debug|Any CPU
		{3D547D88-56D1-4DBA-8380-618D5E48A062}.Release|Any CPU.ActiveCfg = Release|Any CPU
		{3D547D88-56D1-4DBA-8380-618D5E48A062}.Release|Any CPU.Build.0 = Release|Any CPU
	EndGlobalSection
	GlobalSection(SolutionProperties) = preSolution
		HideSolutionNode = FALSE
	EndGlobalSection
	GlobalSection(ExtensibilityGlobals) = postSolution
		SolutionGuid = {2D98713D-B649-4129-84DE-4C13A24A01DF}
	EndGlobalSection
EndGlobal
